{
  "name": "lkon",
  "version": "v3.0.0-beta",
  "lockfileVersion": 3,
  "requires": true,
  "packages": {
    "": {
      "name": "lkon",
      "version": "v3.0.0-beta",
      "license": "MIT",
      "funding": {
        "type": "patreon",
        "url": "https://www.patreon.com/ParrotCore"
      }
    }
  }
}
